
Microsoft Visual Studio Solution File, Format Version 12.00
# Visual Studio 15
VisualStudioVersion = 15.0.28307.489
MinimumVisualStudioVersion = 10.0.40219.1
Project("{FAE04EC0-301F-11D3-BF4B-00C04F79EFBC}") = "Game1", "Game1\Game1.csproj", "{CAC94BC9-0E48-40D0-AC13-424A0D961599}"
EndProject
Global
	GlobalSection(SolutionConfigurationPlatforms) = preSolution
		Debug|x86 = Debug|x86
		Release|x86 = Release|x86
	EndGlobalSection
	GlobalSection(ProjectConfigurationPlatforms) = postSolution
		{CAC94BC9-0E48-40D0-AC13-424A0D961599}.Debug|x86.ActiveCfg = Debug|x86
		{CAC94BC9-0E48-40D0-AC13-424A0D961599}.Debug|x86.Build.0 = Debug|x86
		{CAC94BC9-0E48-40D0-AC13-424A0D961599}.Release|x86.ActiveCfg = Release|x86
		{CAC94BC9-0E48-40D0-AC13-424A0D961599}.Release|x86.Build.0 = Release|x86
	EndGlobalSection
	GlobalSection(SolutionProperties) = preSolution
		HideSolutionNode = FALSE
	EndGlobalSection
	GlobalSection(ExtensibilityGlobals) = postSolution
		SolutionGuid = {74BAC40D-9C33-465E-B55C-CD15381C0C03}
	EndGlobalSection
EndGlobal
